// !$*UTF8*$!
{
	archiveVersion = 1;
	classes = {
	};
	objectVersion = 55;
	objects = {

/* Begin PBXBuildFile section */
		3EE4513429483A90006C983A /* PeachagramApp.swift in Sources */ = {isa = PBXBuildFile; fileRef = 3EE4513329483A90006C983A /* PeachagramApp.swift */; };
		3EE4513629483A90006C983A /* ContentView.swift in Sources */ = {isa = PBXBuildFile; fileRef = 3EE4513529483A90006C983A /* ContentView.swift */; };
		3EE4513829483A92006C983A /* Assets.xcassets in Resources */ = {isa = PBXBuildFile; fileRef = 3EE4513729483A92006C983A /* Assets.xcassets */; };
		3EE4513B29483A92006C983A /* Preview Assets.xcassets in Resources */ = {isa = PBXBuildFile; fileRef = 3EE4513A29483A92006C983A /* Preview Assets.xcassets */; };
		3EE4514529483A92006C983A /* PeachagramTests.swift in Sources */ = {isa = PBXBuildFile; fileRef = 3EE4514429483A92006C983A /* PeachagramTests.swift */; };
		3EE4514F29483A92006C983A /* PeachagramUITests.swift in Sources */ = {isa = PBXBuildFile; fileRef = 3EE4514E29483A92006C983A /* PeachagramUITests.swift */; };
		3EE4515129483A92006C983A /* PeachagramUITestsLaunchTests.swift in Sources */ = {isa = PBXBuildFile; fileRef = 3EE4515029483A92006C983A /* PeachagramUITestsLaunchTests.swift */; };
/* End PBXBuildFile section */

/* Begin PBXContainerItemProxy section */
		3EE4514129483A92006C983A /* PBXContainerItemProxy */ = {
			isa = PBXContainerItemProxy;
			containerPortal = 3EE4512829483A90006C983A /* Project object */;
			proxyType = 1;
			remoteGlobalIDString = 3EE4512F29483A90006C983A;
			remoteInfo = Peachagram;
		};
		3EE4514B29483A92006C983A /* PBXContainerItemProxy */ = {
			isa = PBXContainerItemProxy;
			containerPortal = 3EE4512829483A90006C983A /* Project object */;
			proxyType = 1;
			remoteGlobalIDString = 3EE4512F29483A90006C983A;
			remoteInfo = Peachagram;
		};
/* End PBXContainerItemProxy section */

/* Begin PBXFileReference section */
		3EE4513029483A90006C983A /* Peachagram.app */ = {isa = PBXFileReference; explicitFileType = wrapper.application; includeInIndex = 0; path = Peachagram.app; sourceTree = BUILT_PRODUCTS_DIR; };
		3EE4513329483A90006C983A /* PeachagramApp.swift */ = {isa = PBXFileReference; lastKnownFileType = sourcecode.swift; path = PeachagramApp.swift; sourceTree = "<group>"; };
		3EE4513529483A90006C983A /* ContentView.swift */ = {isa = PBXFileReference; lastKnownFileType = sourcecode.swift; path = ContentView.swift; sourceTree = "<group>"; };
		3EE4513729483A92006C983A /* Assets.xcassets */ = {isa = PBXFileReference; lastKnownFileType = folder.assetcatalog; path = Assets.xcassets; sourceTree = "<group>"; };
		3EE4513A29483A92006C983A /* Preview Assets.xcassets */ = {isa = PBXFileReference; lastKnownFileType = folder.assetcatalog; path = "Preview Assets.xcassets"; sourceTree = "<group>"; };
		3EE4514029483A92006C983A /* PeachagramTests.xctest */ = {isa = PBXFileReference; explicitFileType = wrapper.cfbundle; includeInIndex = 0; path = PeachagramTests.xctest; sourceTree = BUILT_PRODUCTS_DIR; };
		3EE4514429483A92006C983A /* PeachagramTests.swift */ = {isa = PBXFileReference; lastKnownFileType = sourcecode.swift; path = PeachagramTests.swift; sourceTree = "<group>"; };
		3EE4514A29483A92006C983A /* PeachagramUITests.xctest */ = {isa = PBXFileReference; explicitFileType = wrapper.cfbundle; includeInIndex = 0; path = PeachagramUITests.xctest; sourceTree = BUILT_PRODUCTS_DIR; };
		3EE4514E29483A92006C983A /* PeachagramUITests.swift */ = {isa = PBXFileReference; lastKnownFileType = sourcecode.swift; path = PeachagramUITests.swift; sourceTree = "<group>"; };
		3EE4515029483A92006C983A /* PeachagramUITestsLaunchTests.swift */ = {isa = PBXFileReference; lastKnownFileType = sourcecode.swift; path = PeachagramUITestsLaunchTests.swift; sourceTree = "<group>"; };
/* End PBXFileReference section */

/* Begin PBXFrameworksBuildPhase section */
		3EE4512D29483A90006C983A /* Frameworks */ = {
			isa = PBXFrameworksBuildPhase;
			buildActionMask = 2147483647;
			files = (
			);
			runOnlyForDeploymentPostprocessing = 0;
		};
		3EE4513D29483A92006C983A /* Frameworks */ = {
			isa = PBXFrameworksBuildPhase;
			buildActionMask = 2147483647;
			files = (
			);
			runOnlyForDeploymentPostprocessing = 0;
		};
		3EE4514729483A92006C983A /* Frameworks */ = {
			isa = PBXFrameworksBuildPhase;
			buildActionMask = 2147483647;
			files = (
			);
			runOnlyForDeploymentPostprocessing = 0;
		};
/* End PBXFrameworksBuildPhase section */

/* Begin PBXGroup section */
		3EE4512729483A90006C983A = {
			isa = PBXGroup;
			children = (
				3EE4513229483A90006C983A /* Peachagram */,
				3EE4514329483A92006C983A /* PeachagramTests */,
				3EE4514D29483A92006C983A /* PeachagramUITests */,
				3EE4513129483A90006C983A /* Products */,
			);
			sourceTree = "<group>";
		};
		3EE4513129483A90006C983A /* Products */ = {
			isa = PBXGroup;
			children = (
				3EE4513029483A90006C983A /* Peachagram.app */,
				3EE4514029483A92006C983A /* PeachagramTests.xctest */,
				3EE4514A29483A92006C983A /* PeachagramUITests.xctest */,
			);
			name = Products;
			sourceTree = "<group>";
		};
		3EE4513229483A90006C983A /* Peachagram */ = {
			isa = PBXGroup;
			children = (
				3EE4513329483A90006C983A /* PeachagramApp.swift */,
				3EE4513529483A90006C983A /* ContentView.swift */,
				3EE4513729483A92006C983A /* Assets.xcassets */,
				3EE4513929483A92006C983A /* Preview Content */,
			);
			path = Peachagram;
			sourceTree = "<group>";
		};
		3EE4513929483A92006C983A /* Preview Content */ = {
			isa = PBXGroup;
			children = (
				3EE4513A29483A92006C983A /* Preview Assets.xcassets */,
			);
			path = "Preview Content";
			sourceTree = "<group>";
		};
		3EE4514329483A92006C983A /* PeachagramTests */ = {
			isa = PBXGroup;
			children = (
				3EE4514429483A92006C983A /* PeachagramTests.swift */,
			);
			path = PeachagramTests;
			sourceTree = "<group>";
		};
		3EE4514D29483A92006C983A /* PeachagramUITests */ = {
			isa = PBXGroup;
			children = (
				3EE4514E29483A92006C983A /* PeachagramUITests.swift */,
				3EE4515029483A92006C983A /* PeachagramUITestsLaunchTests.swift */,
			);
			path = PeachagramUITests;
			sourceTree = "<group>";
		};
/* End PBXGroup section */

/* Begin PBXNativeTarget section */
		3EE4512F29483A90006C983A /* Peachagram */ = {
			isa = PBXNativeTarget;
			buildConfigurationList = 3EE4515429483A92006C983A /* Build configuration list for PBXNativeTarget "Peachagram" */;
			buildPhases = (
				3EE4512C29483A90006C983A /* Sources */,
				3EE4512D29483A90006C983A /* Frameworks */,
				3EE4512E29483A90006C983A /* Resources */,
			);
			buildRules = (
			);
			dependencies = (
			);
			name = Peachagram;
			productName = Peachagram;
			productReference = 3EE4513029483A90006C983A /* Peachagram.app */;
			productType = "com.apple.product-type.application";
		};
		3EE4513F29483A92006C983A /* PeachagramTests */ = {
			isa = PBXNativeTarget;
			buildConfigurationList = 3EE4515729483A92006C983A /* Build configuration list for PBXNativeTarget "PeachagramTests" */;
			buildPhases = (
				3EE4513C29483A92006C983A /* Sources */,
				3EE4513D29483A92006C983A /* Frameworks */,
				3EE4513E29483A92006C983A /* Resources */,
			);
			buildRules = (
			);
			dependencies = (
				3EE4514229483A92006C983A /* PBXTargetDependency */,
			);
			name = PeachagramTests;
			productName = PeachagramTests;
			productReference = 3EE4514029483A92006C983A /* PeachagramTests.xctest */;
			productType = "com.apple.product-type.bundle.unit-test";
		};
		3EE4514929483A92006C983A /* PeachagramUITests */ = {
			isa = PBXNativeTarget;
			buildConfigurationList = 3EE4515A29483A92006C983A /* Build configuration list for PBXNativeTarget "PeachagramUITests" */;
			buildPhases = (
				3EE4514629483A92006C983A /* Sources */,
				3EE4514729483A92006C983A /* Frameworks */,
				3EE4514829483A92006C983A /* Resources */,
			);
			buildRules = (
			);
			dependencies = (
				3EE4514C29483A92006C983A /* PBXTargetDependency */,
			);
			name = PeachagramUITests;
			productName = PeachagramUITests;
			productReference = 3EE4514A29483A92006C983A /* PeachagramUITests.xctest */;
			productType = "com.apple.product-type.bundle.ui-testing";
		};
/* End PBXNativeTarget section */

/* Begin PBXProject section */
		3EE4512829483A90006C983A /* Project object */ = {
			isa = PBXProject;
			attributes = {
				BuildIndependentTargetsInParallel = 1;
				LastSwiftUpdateCheck = 1340;
				LastUpgradeCheck = 1340;
				TargetAttributes = {
					3EE4512F29483A90006C983A = {
						CreatedOnToolsVersion = 13.4;
					};
					3EE4513F29483A92006C983A = {
						CreatedOnToolsVersion = 13.4;
						TestTargetID = 3EE4512F29483A90006C983A;
					};
					3EE4514929483A92006C983A = {
						CreatedOnToolsVersion = 13.4;
						TestTargetID = 3EE4512F29483A90006C983A;
					};
				};
			};
			buildConfigurationList = 3EE4512B29483A90006C983A /* Build configuration list for PBXProject "Peachagram" */;
			compatibilityVersion = "Xcode 13.0";
			developmentRegion = en;
			hasScannedForEncodings = 0;
			knownRegions = (
				en,
				Base,
			);
			mainGroup = 3EE4512729483A90006C983A;
			productRefGroup = 3EE4513129483A90006C983A /* Products */;
			projectDirPath = "";
			projectRoot = "";
			targets = (
				3EE4512F29483A90006C983A /* Peachagram */,
				3EE4513F29483A92006C983A /* PeachagramTests */,
				3EE4514929483A92006C983A /* PeachagramUITests */,
			);
		};
/* End PBXProject section */

/* Begin PBXResourcesBuildPhase section */
		3EE4512E29483A90006C983A /* Resources */ = {
			isa = PBXResourcesBuildPhase;
			buildActionMask = 2147483647;
			files = (
				3EE4513B29483A92006C983A /* Preview Assets.xcassets in Resources */,
				3EE4513829483A92006C983A /* Assets.xcassets in Resources */,
			);
			runOnlyForDeploymentPostprocessing = 0;
		};
		3EE4513E29483A92006C983A /* Resources */ = {
			isa = PBXResourcesBuildPhase;
			buildActionMask = 2147483647;
			files = (
			);
			runOnlyForDeploymentPostprocessing = 0;
		};
		3EE4514829483A92006C983A /* Resources */ = {
			isa = PBXResourcesBuildPhase;
			buildActionMask = 2147483647;
			files = (
			);
			runOnlyForDeploymentPostprocessing = 0;
		};
/* End PBXResourcesBuildPhase section */

/* Begin PBXSourcesBuildPhase section */
		3EE4512C29483A90006C983A /* Sources */ = {
			isa = PBXSourcesBuildPhase;
			buildActionMask = 2147483647;
			files = (
				3EE4513629483A90006C983A /* ContentView.swift in Sources */,
				3EE4513429483A90006C983A /* PeachagramApp.swift in Sources */,
			);
			runOnlyForDeploymentPostprocessing = 0;
		};
		3EE4513C29483A92006C983A /* Sources */ = {
			isa = PBXSourcesBuildPhase;
			buildActionMask = 2147483647;
			files = (
				3EE4514529483A92006C983A /* PeachagramTests.swift in Sources */,
			);
			runOnlyForDeploymentPostprocessing = 0;
		};
		3EE4514629483A92006C983A /* Sources */ = {
			isa = PBXSourcesBuildPhase;
			buildActionMask = 2147483647;
			files = (
				3EE4514F29483A92006C983A /* PeachagramUITests.swift in Sources */,
				3EE4515129483A92006C983A /* PeachagramUITestsLaunchTests.swift in Sources */,
			);
			runOnlyForDeploymentPostprocessing = 0;
		};
/* End PBXSourcesBuildPhase section */

/* Begin PBXTargetDependency section */
		3EE4514229483A92006C983A /* PBXTargetDependency */ = {
			isa = PBXTargetDependency;
			target = 3EE4512F29483A90006C983A /* Peachagram */;
			targetProxy = 3EE4514129483A92006C983A /* PBXContainerItemProxy */;
		};
		3EE4514C29483A92006C983A /* PBXTargetDependency */ = {
			isa = PBXTargetDependency;
			target = 3EE4512F29483A90006C983A /* Peachagram */;
			targetProxy = 3EE4514B29483A92006C983A /* PBXContainerItemProxy */;
		};
/* End PBXTargetDependency section */

/* Begin XCBuildConfiguration section */
		3EE4515229483A92006C983A /* Debug */ = {
			isa = XCBuildConfiguration;
			buildSettings = {
				ALWAYS_SEARCH_USER_PATHS = NO;
				CLANG_ANALYZER_NONNULL = YES;
				CLANG_ANALYZER_NUMBER_OBJECT_CONVERSION = YES_AGGRESSIVE;
				CLANG_CXX_LANGUAGE_STANDARD = "gnu++17";
				CLANG_ENABLE_MODULES = YES;
				CLANG_ENABLE_OBJC_ARC = YES;
				CLANG_ENABLE_OBJC_WEAK = YES;
				CLANG_WARN_BLOCK_CAPTURE_AUTORELEASING = YES;
				CLANG_WARN_BOOL_CONVERSION = YES;
				CLANG_WARN_COMMA = YES;
				CLANG_WARN_CONSTANT_CONVERSION = YES;
				CLANG_WARN_DEPRECATED_OBJC_IMPLEMENTATIONS = YES;
				CLANG_WARN_DIRECT_OBJC_ISA_USAGE = YES_ERROR;
				CLANG_WARN_DOCUMENTATION_COMMENTS = YES;
				CLANG_WARN_EMPTY_BODY = YES;
				CLANG_WARN_ENUM_CONVERSION = YES;
				CLANG_WARN_INFINITE_RECURSION = YES;
				CLANG_WARN_INT_CONVERSION = YES;
				CLANG_WARN_NON_LITERAL_NULL_CONVERSION = YES;
				CLANG_WARN_OBJC_IMPLICIT_RETAIN_SELF = YES;
				CLANG_WARN_OBJC_LITERAL_CONVERSION = YES;
				CLANG_WARN_OBJC_ROOT_CLASS = YES_ERROR;
				CLANG_WARN_QUOTED_INCLUDE_IN_FRAMEWORK_HEADER = YES;
				CLANG_WARN_RANGE_LOOP_ANALYSIS = YES;
				CLANG_WARN_STRICT_PROTOTYPES = YES;
				CLANG_WARN_SUSPICIOUS_MOVE = YES;
				CLANG_WARN_UNGUARDED_AVAILABILITY = YES_AGGRESSIVE;
				CLANG_WARN_UNREACHABLE_CODE = YES;
				CLANG_WARN__DUPLICATE_METHOD_MATCH = YES;
				COPY_PHASE_STRIP = NO;
				DEBUG_INFORMATION_FORMAT = dwarf;
				ENABLE_STRICT_OBJC_MSGSEND = YES;
				ENABLE_TESTABILITY = YES;
				GCC_C_LANGUAGE_STANDARD = gnu11;
				GCC_DYNAMIC_NO_PIC = NO;
				GCC_NO_COMMON_BLOCKS = YES;
				GCC_OPTIMIZATION_LEVEL = 0;
				GCC_PREPROCESSOR_DEFINITIONS = (
					"DEBUG=1",
					"$(inherited)",
				);
				GCC_WARN_64_TO_32_BIT_CONVERSION = YES;
				GCC_WARN_ABOUT_RETURN_TYPE = YES_ERROR;
				GCC_WARN_UNDECLARED_SELECTOR = YES;
				GCC_WARN_UNINITIALIZED_AUTOS = YES_AGGRESSIVE;
				GCC_WARN_UNUSED_FUNCTION = YES;
				GCC_WARN_UNUSED_VARIABLE = YES;
				IPHONEOS_DEPLOYMENT_TARGET = 15.5;
				MTL_ENABLE_DEBUG_INFO = INCLUDE_SOURCE;
				MTL_FAST_MATH = YES;
				ONLY_ACTIVE_ARCH = YES;
				SDKROOT = iphoneos;
				SWIFT_ACTIVE_COMPILATION_CONDITIONS = DEBUG;
				SWIFT_OPTIMIZATION_LEVEL = "-Onone";
			};
			name = Debug;
		};
		3EE4515329483A92006C983A /* Release */ = {
			isa = XCBuildConfiguration;
			buildSettings = {
				ALWAYS_SEARCH_USER_PATHS = NO;
				CLANG_ANALYZER_NONNULL = YES;
				CLANG_ANALYZER_NUMBER_OBJECT_CONVERSION = YES_AGGRESSIVE;
				CLANG_CXX_LANGUAGE_STANDARD = "gnu++17";
				CLANG_ENABLE_MODULES = YES;
				CLANG_ENABLE_OBJC_ARC = YES;
				CLANG_ENABLE_OBJC_WEAK = YES;
				CLANG_WARN_BLOCK_CAPTURE_AUTORELEASING = YES;
				CLANG_WARN_BOOL_CONVERSION = YES;
				CLANG_WARN_COMMA = YES;
				CLANG_WARN_CONSTANT_CONVERSION = YES;
				CLANG_WARN_DEPRECATED_OBJC_IMPLEMENTATIONS = YES;
				CLANG_WARN_DIRECT_OBJC_ISA_USAGE = YES_ERROR;
				CLANG_WARN_DOCUMENTATION_COMMENTS = YES;
				CLANG_WARN_EMPTY_BODY = YES;
				CLANG_WARN_ENUM_CONVERSION = YES;
				CLANG_WARN_INFINITE_RECURSION = YES;
				CLANG_WARN_INT_CONVERSION = YES;
				CLANG_WARN_NON_LITERAL_NULL_CONVERSION = YES;
				CLANG_WARN_OBJC_IMPLICIT_RETAIN_SELF = YES;
				CLANG_WARN_OBJC_LITERAL_CONVERSION = YES;
				CLANG_WARN_OBJC_ROOT_CLASS = YES_ERROR;
				CLANG_WARN_QUOTED_INCLUDE_IN_FRAMEWORK_HEADER = YES;
				CLANG_WARN_RANGE_LOOP_ANALYSIS = YES;
				CLANG_WARN_STRICT_PROTOTYPES = YES;
				CLANG_WARN_SUSPICIOUS_MOVE = YES;
				CLANG_WARN_UNGUARDED_AVAILABILITY = YES_AGGRESSIVE;
				CLANG_WARN_UNREACHABLE_CODE = YES;
				CLANG_WARN__DUPLICATE_METHOD_MATCH = YES;
				COPY_PHASE_STRIP = NO;
				DEBUG_INFORMATION_FORMAT = "dwarf-with-dsym";
				ENABLE_NS_ASSERTIONS = NO;
				ENABLE_STRICT_OBJC_MSGSEND = YES;
				GCC_C_LANGUAGE_STANDARD = gnu11;
				GCC_NO_COMMON_BLOCKS = YES;
				GCC_WARN_64_TO_32_BIT_CONVERSION = YES;
				GCC_WARN_ABOUT_RETURN_TYPE = YES_ERROR;
				GCC_WARN_UNDECLARED_SELECTOR = YES;
				GCC_WARN_UNINITIALIZED_AUTOS = YES_AGGRESSIVE;
				GCC_WARN_UNUSED_FUNCTION = YES;
				GCC_WARN_UNUSED_VARIABLE = YES;
				IPHONEOS_DEPLOYMENT_TARGET = 15.5;
				MTL_ENABLE_DEBUG_INFO = NO;
				MTL_FAST_MATH = YES;
				SDKROOT = iphoneos;
				SWIFT_COMPILATION_MODE = wholemodule;
				SWIFT_OPTIMIZATION_LEVEL = "-O";
				VALIDATE_PRODUCT = YES;
			};
			name = Release;
		};
		3EE4515529483A92006C983A /* Debug */ = {
			isa = XCBuildConfiguration;
			buildSettings = {
				ASSETCATALOG_COMPILER_APPICON_NAME = AppIcon;
				ASSETCATALOG_COMPILER_GLOBAL_ACCENT_COLOR_NAME = AccentColor;
				CODE_SIGN_STYLE = Automatic;
				CURRENT_PROJECT_VERSION = 1;
				DEVELOPMENT_ASSET_PATHS = "\"Peachagram/Preview Content\"";
				ENABLE_PREVIEWS = YES;
				GENERATE_INFOPLIST_FILE = YES;
				INFOPLIST_KEY_UIApplicationSceneManifest_Generation = YES;
				INFOPLIST_KEY_UIApplicationSupportsIndirectInputEvents = YES;
				INFOPLIST_KEY_UILaunchScreen_Generation = YES;
				INFOPLIST_KEY_UISupportedInterfaceOrientations_iPad = "UIInterfaceOrientationPortrait UIInterfaceOrientationPortraitUpsideDown UIInterfaceOrientationLandscapeLeft UIInterfaceOrientationLandscapeRight";
				INFOPLIST_KEY_UISupportedInterfaceOrientations_iPhone = "UIInterfaceOrientationPortrait UIInterfaceOrientationLandscapeLeft UIInterfaceOrientationLandscapeRight";
				LD_RUNPATH_SEARCH_PATHS = (
					"$(inherited)",
					"@executable_path/Frameworks",
				);
				MARKETING_VERSION = 1.0;
				PRODUCT_BUNDLE_IDENTIFIER = soufian.Peachagram;
				PRODUCT_NAME = "$(TARGET_NAME)";
				SWIFT_EMIT_LOC_STRINGS = YES;
				SWIFT_VERSION = 5.0;
				TARGETED_DEVICE_FAMILY = "1,2";
			};
			name = Debug;
		};
		3EE4515629483A92006C983A /* Release */ = {
			isa = XCBuildConfiguration;
			buildSettings = {
				ASSETCATALOG_COMPILER_APPICON_NAME = AppIcon;
				ASSETCATALOG_COMPILER_GLOBAL_ACCENT_COLOR_NAME = AccentColor;
				CODE_SIGN_STYLE = Automatic;
				CURRENT_PROJECT_VERSION = 1;
				DEVELOPMENT_ASSET_PATHS = "\"Peachagram/Preview Content\"";
				ENABLE_PREVIEWS = YES;
				GENERATE_INFOPLIST_FILE = YES;
				INFOPLIST_KEY_UIApplicationSceneManifest_Generation = YES;
				INFOPLIST_KEY_UIApplicationSupportsIndirectInputEvents = YES;
				INFOPLIST_KEY_UILaunchScreen_Generation = YES;
				INFOPLIST_KEY_UISupportedInterfaceOrientations_iPad = "UIInterfaceOrientationPortrait UIInterfaceOrientationPortraitUpsideDown UIInterfaceOrientationLandscapeLeft UIInterfaceOrientationLandscapeRight";
				INFOPLIST_KEY_UISupportedInterfaceOrientations_iPhone = "UIInterfaceOrientationPortrait UIInterfaceOrientationLandscapeLeft UIInterfaceOrientationLandscapeRight";
				LD_RUNPATH_SEARCH_PATHS = (
					"$(inherited)",
					"@executable_path/Frameworks",
				);
				MARKETING_VERSION = 1.0;
				PRODUCT_BUNDLE_IDENTIFIER = soufian.Peachagram;
				PRODUCT_NAME = "$(TARGET_NAME)";
				SWIFT_EMIT_LOC_STRINGS = YES;
				SWIFT_VERSION = 5.0;
				TARGETED_DEVICE_FAMILY = "1,2";
			};
			name = Release;
		};
		3EE4515829483A92006C983A /* Debug */ = {
			isa = XCBuildConfiguration;
			buildSettings = {
				ALWAYS_EMBED_SWIFT_STANDARD_LIBRARIES = YES;
				BUNDLE_LOADER = "$(TEST_HOST)";
				CODE_SIGN_STYLE = Automatic;
				CURRENT_PROJECT_VERSION = 1;
				GENERATE_INFOPLIST_FILE = YES;
				IPHONEOS_DEPLOYMENT_TARGET = 15.5;
				MARKETING_VERSION = 1.0;
				PRODUCT_BUNDLE_IDENTIFIER = soufian.PeachagramTests;
				PRODUCT_NAME = "$(TARGET_NAME)";
				SWIFT_EMIT_LOC_STRINGS = NO;
				SWIFT_VERSION = 5.0;
				TARGETED_DEVICE_FAMILY = "1,2";
				TEST_HOST = "$(BUILT_PRODUCTS_DIR)/Peachagram.app/Peachagram";
			};
			name = Debug;
		};
		3EE4515929483A92006C983A /* Release */ = {
			isa = XCBuildConfiguration;
			buildSettings = {
				ALWAYS_EMBED_SWIFT_STANDARD_LIBRARIES = YES;
				BUNDLE_LOADER = "$(TEST_HOST)";
				CODE_SIGN_STYLE = Automatic;
				CURRENT_PROJECT_VERSION = 1;
				GENERATE_INFOPLIST_FILE = YES;
				IPHONEOS_DEPLOYMENT_TARGET = 15.5;
				MARKETING_VERSION = 1.0;
				PRODUCT_BUNDLE_IDENTIFIER = soufian.PeachagramTests;
				PRODUCT_NAME = "$(TARGET_NAME)";
				SWIFT_EMIT_LOC_STRINGS = NO;
				SWIFT_VERSION = 5.0;
				TARGETED_DEVICE_FAMILY = "1,2";
				TEST_HOST = "$(BUILT_PRODUCTS_DIR)/Peachagram.app/Peachagram";
			};
			name = Release;
		};
		3EE4515B29483A92006C983A /* Debug */ = {
			isa = XCBuildConfiguration;
			buildSettings = {
				ALWAYS_EMBED_SWIFT_STANDARD_LIBRARIES = YES;
				CODE_SIGN_STYLE = Automatic;
				CURRENT_PROJECT_VERSION = 1;
				GENERATE_INFOPLIST_FILE = YES;
				MARKETING_VERSION = 1.0;
				PRODUCT_BUNDLE_IDENTIFIER = soufian.PeachagramUITests;
				PRODUCT_NAME = "$(TARGET_NAME)";
				SWIFT_EMIT_LOC_STRINGS = NO;
				SWIFT_VERSION = 5.0;
				TARGETED_DEVICE_FAMILY = "1,2";
				TEST_TARGET_NAME = Peachagram;
			};
			name = Debug;
		};
		3EE4515C29483A92006C983A /* Release */ = {
			isa = XCBuildConfiguration;
			buildSettings = {
				ALWAYS_EMBED_SWIFT_STANDARD_LIBRARIES = YES;
				CODE_SIGN_STYLE = Automatic;
				CURRENT_PROJECT_VERSION = 1;
				GENERATE_INFOPLIST_FILE = YES;
				MARKETING_VERSION = 1.0;
				PRODUCT_BUNDLE_IDENTIFIER = soufian.PeachagramUITests;
				PRODUCT_NAME = "$(TARGET_NAME)";
				SWIFT_EMIT_LOC_STRINGS = NO;
				SWIFT_VERSION = 5.0;
				TARGETED_DEVICE_FAMILY = "1,2";
				TEST_TARGET_NAME = Peachagram;
			};
			name = Release;
		};
/* End XCBuildConfiguration section */

/* Begin XCConfigurationList section */
		3EE4512B29483A90006C983A /* Build configuration list for PBXProject "Peachagram" */ = {
			isa = XCConfigurationList;
			buildConfigurations = (
				3EE4515229483A92006C983A /* Debug */,
				3EE4515329483A92006C983A /* Release */,
			);
			defaultConfigurationIsVisible = 0;
			defaultConfigurationName = Release;
		};
		3EE4515429483A92006C983A /* Build configuration list for PBXNativeTarget "Peachagram" */ = {
			isa = XCConfigurationList;
			buildConfigurations = (
				3EE4515529483A92006C983A /* Debug */,
				3EE4515629483A92006C983A /* Release */,
			);
			defaultConfigurationIsVisible = 0;
			defaultConfigurationName = Release;
		};
		3EE4515729483A92006C983A /* Build configuration list for PBXNativeTarget "PeachagramTests" */ = {
			isa = XCConfigurationList;
			buildConfigurations = (
				3EE4515829483A92006C983A /* Debug */,
				3EE4515929483A92006C983A /* Release */,
			);
			defaultConfigurationIsVisible = 0;
			defaultConfigurationName = Release;
		};
		3EE4515A29483A92006C983A /* Build configuration list for PBXNativeTarget "PeachagramUITests" */ = {
			isa = XCConfigurationList;
			buildConfigurations = (
				3EE4515B29483A92006C983A /* Debug */,
				3EE4515C29483A92006C983A /* Release */,
			);
			defaultConfigurationIsVisible = 0;
			defaultConfigurationName = Release;
		};
/* End XCConfigurationList section */
	};
	rootObject = 3EE4512829483A90006C983A /* Project object */;
}
